[[package]]
name = "cssmin"
version = "0.2.0"
description = "A Python port of the YUI CSS compression algorithm."
category = "main"
optional = false
python-versions = "*"

[[package]]
name = "jsmin"
version = "2.2.2"
description = "JavaScript minifier."
category = "main"
optional = false
python-versions = "*"

[metadata]
lock-version = "1.1"
python-versions = "^3.9"
content-hash = "74d4750fad45ca68627ec5ff628ac49dafafeaef3e443bae0722e772b5a08477"

[metadata.files]
cssmin = [
    {file = "cssmin-0.2.0.tar.gz", hash = "sha256:e012f0cc8401efcf2620332339011564738ae32be8c84b2e43ce8beaec1067b6"},
]
jsmin = [
    {file = "jsmin-2.2.2.tar.gz", hash = "sha256:b6df99b2cd1c75d9d342e4335b535789b8da9107ec748212706ef7bbe5c2553b"},
]
